
Microsoft Visual Studio Solution File, Format Version 12.00
# Visual Studio 15
VisualStudioVersion = 15.0.26228.4
MinimumVisualStudioVersion = 10.0.40219.1
Project("{8BC9CEB8-8B4A-11D0-8D11-00A0C91BC942}") = "Chapter1", "Chapter1\Chapter1.vcxproj", "{DA7F65AD-DC6C-4543-A9D8-4A36F665A832}"
EndProject
Project("{8BC9CEB8-8B4A-11D0-8D11-00A0C91BC942}") = "Chapter2", "Chapter2\Chapter2.vcxproj", "{C4B8287E-872F-43B7-BF45-D744B77D70AC}"
EndProject
Project("{8BC9CEB8-8B4A-11D0-8D11-00A0C91BC942}") = "Chapter3", "Chapter3\Chapter3.vcxproj", "{88DE9403-F543-4263-BCF7-13B28DA3E6EE}"
EndProject
Project("{8BC9CEB8-8B4A-11D0-8D11-00A0C91BC942}") = "Chapter4", "Chapter4\Chapter4.vcxproj", "{6E7A6E3C-4B6B-46B2-B02B-8E0C6CEC0F3B}"
EndProject
Project("{8BC9CEB8-8B4A-11D0-8D11-00A0C91BC942}") = "Chapter5", "Chapter5\Chapter5.vcxproj", "{1568D3D9-24E2-4566-AC39-E4EBFDB60D66}"
EndProject
Project("{8BC9CEB8-8B4A-11D0-8D11-00A0C91BC942}") = "Chapter5_1", "Chapter5_1\Chapter5_1.vcxproj", "{A6AD9E58-E1EC-4084-99EF-A491F134DFC8}"
EndProject
Project("{8BC9CEB8-8B4A-11D0-8D11-00A0C91BC942}") = "Chapter6", "Chapter6\Chapter6.vcxproj", "{7E580E42-F24C-496B-B706-AC1B4A90BFD8}"
EndProject
Project("{8BC9CEB8-8B4A-11D0-8D11-00A0C91BC942}") = "Chapter7", "Chapter7\Chapter7.vcxproj", "{2A8684EF-02AA-4E33-8E8C-519630F2CE86}"
EndProject
Project("{8BC9CEB8-8B4A-11D0-8D11-00A0C91BC942}") = "Chapter8", "Chapter8\Chapter8.vcxproj", "{0CC7E128-6030-4FB5-AB7A-71FC5C9421F5}"
EndProject
Project("{8BC9CEB8-8B4A-11D0-8D11-00A0C91BC942}") = "Chapter9", "Chapter9\Chapter9.vcxproj", "{A5CEBBF2-9FC0-41EF-9F12-E8D75E8AF92E}"
EndProject
Project("{8BC9CEB8-8B4A-11D0-8D11-00A0C91BC942}") = "Reference", "Reference\Reference.vcxproj", "{97417843-11F6-4CA2-8298-22F5CA7539D7}"
EndProject
Project("{8BC9CEB8-8B4A-11D0-8D11-00A0C91BC942}") = "ChapterA", "ChapterA\ChapterA.vcxproj", "{5F4A4FFC-9F3A-48B6-A514-B65982316ECE}"
EndProject
Project("{8BC9CEB8-8B4A-11D0-8D11-00A0C91BC942}") = "ChapterB", "ChapterB\ChapterB.vcxproj", "{EC805ECC-B679-46B1-AFA5-9A13EF309AD4}"
EndProject
Project("{8BC9CEB8-8B4A-11D0-8D11-00A0C91BC942}") = "ChapterC", "ChapterC\ChapterC.vcxproj", "{8F82549B-3C4A-4479-9F0A-2B1C99997CD1}"
EndProject
Project("{8BC9CEB8-8B4A-11D0-8D11-00A0C91BC942}") = "Comment", "Comment\Comment.vcxproj", "{AF62FEC1-1080-41B9-91A2-01509789C162}"
EndProject
Global
	GlobalSection(SolutionConfigurationPlatforms) = preSolution
		Debug|x64 = Debug|x64
		Debug|x86 = Debug|x86
		Release|x64 = Release|x64
		Release|x86 = Release|x86
	EndGlobalSection
	GlobalSection(ProjectConfigurationPlatforms) = postSolution
		{DA7F65AD-DC6C-4543-A9D8-4A36F665A832}.Debug|x64.ActiveCfg = Debug|x64
		{DA7F65AD-DC6C-4543-A9D8-4A36F665A832}.Debug|x64.Build.0 = Debug|x64
		{DA7F65AD-DC6C-4543-A9D8-4A36F665A832}.Debug|x86.ActiveCfg = Debug|Win32
		{DA7F65AD-DC6C-4543-A9D8-4A36F665A832}.Debug|x86.Build.0 = Debug|Win32
		{DA7F65AD-DC6C-4543-A9D8-4A36F665A832}.Release|x64.ActiveCfg = Release|x64
		{DA7F65AD-DC6C-4543-A9D8-4A36F665A832}.Release|x64.Build.0 = Release|x64
		{DA7F65AD-DC6C-4543-A9D8-4A36F665A832}.Release|x86.ActiveCfg = Release|Win32
		{DA7F65AD-DC6C-4543-A9D8-4A36F665A832}.Release|x86.Build.0 = Release|Win32
		{C4B8287E-872F-43B7-BF45-D744B77D70AC}.Debug|x64.ActiveCfg = Debug|x64
		{C4B8287E-872F-43B7-BF45-D744B77D70AC}.Debug|x64.Build.0 = Debug|x64
		{C4B8287E-872F-43B7-BF45-D744B77D70AC}.Debug|x86.ActiveCfg = Debug|Win32
		{C4B8287E-872F-43B7-BF45-D744B77D70AC}.Debug|x86.Build.0 = Debug|Win32
		{C4B8287E-872F-43B7-BF45-D744B77D70AC}.Release|x64.ActiveCfg = Release|x64
		{C4B8287E-872F-43B7-BF45-D744B77D70AC}.Release|x64.Build.0 = Release|x64
		{C4B8287E-872F-43B7-BF45-D744B77D70AC}.Release|x86.ActiveCfg = Release|Win32
		{C4B8287E-872F-43B7-BF45-D744B77D70AC}.Release|x86.Build.0 = Release|Win32
		{88DE9403-F543-4263-BCF7-13B28DA3E6EE}.Debug|x64.ActiveCfg = Debug|x64
		{88DE9403-F543-4263-BCF7-13B28DA3E6EE}.Debug|x64.Build.0 = Debug|x64
		{88DE9403-F543-4263-BCF7-13B28DA3E6EE}.Debug|x86.ActiveCfg = Debug|Win32
		{88DE9403-F543-4263-BCF7-13B28DA3E6EE}.Debug|x86.Build.0 = Debug|Win32
		{88DE9403-F543-4263-BCF7-13B28DA3E6EE}.Release|x64.ActiveCfg = Release|x64
		{88DE9403-F543-4263-BCF7-13B28DA3E6EE}.Release|x64.Build.0 = Release|x64
		{88DE9403-F543-4263-BCF7-13B28DA3E6EE}.Release|x86.ActiveCfg = Release|Win32
		{88DE9403-F543-4263-BCF7-13B28DA3E6EE}.Release|x86.Build.0 = Release|Win32
		{6E7A6E3C-4B6B-46B2-B02B-8E0C6CEC0F3B}.Debug|x64.ActiveCfg = Debug|x64
		{6E7A6E3C-4B6B-46B2-B02B-8E0C6CEC0F3B}.Debug|x64.Build.0 = Debug|x64
		{6E7A6E3C-4B6B-46B2-B02B-8E0C6CEC0F3B}.Debug|x86.ActiveCfg = Debug|Win32
		{6E7A6E3C-4B6B-46B2-B02B-8E0C6CEC0F3B}.Debug|x86.Build.0 = Debug|Win32
		{6E7A6E3C-4B6B-46B2-B02B-8E0C6CEC0F3B}.Release|x64.ActiveCfg = Release|x64
		{6E7A6E3C-4B6B-46B2-B02B-8E0C6CEC0F3B}.Release|x64.Build.0 = Release|x64
		{6E7A6E3C-4B6B-46B2-B02B-8E0C6CEC0F3B}.Release|x86.ActiveCfg = Release|Win32
		{6E7A6E3C-4B6B-46B2-B02B-8E0C6CEC0F3B}.Release|x86.Build.0 = Release|Win32
		{1568D3D9-24E2-4566-AC39-E4EBFDB60D66}.Debug|x64.ActiveCfg = Debug|x64
		{1568D3D9-24E2-4566-AC39-E4EBFDB60D66}.Debug|x64.Build.0 = Debug|x64
		{1568D3D9-24E2-4566-AC39-E4EBFDB60D66}.Debug|x86.ActiveCfg = Debug|Win32
		{1568D3D9-24E2-4566-AC39-E4EBFDB60D66}.Debug|x86.Build.0 = Debug|Win32
		{1568D3D9-24E2-4566-AC39-E4EBFDB60D66}.Release|x64.ActiveCfg = Release|x64
		{1568D3D9-24E2-4566-AC39-E4EBFDB60D66}.Release|x64.Build.0 = Release|x64
		{1568D3D9-24E2-4566-AC39-E4EBFDB60D66}.Release|x86.ActiveCfg = Release|Win32
		{1568D3D9-24E2-4566-AC39-E4EBFDB60D66}.Release|x86.Build.0 = Release|Win32
		{A6AD9E58-E1EC-4084-99EF-A491F134DFC8}.Debug|x64.ActiveCfg = Debug|x64
		{A6AD9E58-E1EC-4084-99EF-A491F134DFC8}.Debug|x64.Build.0 = Debug|x64
		{A6AD9E58-E1EC-4084-99EF-A491F134DFC8}.Debug|x86.ActiveCfg = Debug|Win32
		{A6AD9E58-E1EC-4084-99EF-A491F134DFC8}.Debug|x86.Build.0 = Debug|Win32
		{A6AD9E58-E1EC-4084-99EF-A491F134DFC8}.Release|x64.ActiveCfg = Release|x64
		{A6AD9E58-E1EC-4084-99EF-A491F134DFC8}.Release|x64.Build.0 = Release|x64
		{A6AD9E58-E1EC-4084-99EF-A491F134DFC8}.Release|x86.ActiveCfg = Release|Win32
		{A6AD9E58-E1EC-4084-99EF-A491F134DFC8}.Release|x86.Build.0 = Release|Win32
		{7E580E42-F24C-496B-B706-AC1B4A90BFD8}.Debug|x64.ActiveCfg = Debug|x64
		{7E580E42-F24C-496B-B706-AC1B4A90BFD8}.Debug|x64.Build.0 = Debug|x64
		{7E580E42-F24C-496B-B706-AC1B4A90BFD8}.Debug|x86.ActiveCfg = Debug|Win32
		{7E580E42-F24C-496B-B706-AC1B4A90BFD8}.Debug|x86.Build.0 = Debug|Win32
		{7E580E42-F24C-496B-B706-AC1B4A90BFD8}.Release|x64.ActiveCfg = Release|x64
		{7E580E42-F24C-496B-B706-AC1B4A90BFD8}.Release|x64.Build.0 = Release|x64
		{7E580E42-F24C-496B-B706-AC1B4A90BFD8}.Release|x86.ActiveCfg = Release|Win32
		{7E580E42-F24C-496B-B706-AC1B4A90BFD8}.Release|x86.Build.0 = Release|Win32
		{2A8684EF-02AA-4E33-8E8C-519630F2CE86}.Debug|x64.ActiveCfg = Debug|x64
		{2A8684EF-02AA-4E33-8E8C-519630F2CE86}.Debug|x64.Build.0 = Debug|x64
		{2A8684EF-02AA-4E33-8E8C-519630F2CE86}.Debug|x86.ActiveCfg = Debug|Win32
		{2A8684EF-02AA-4E33-8E8C-519630F2CE86}.Debug|x86.Build.0 = Debug|Win32
		{2A8684EF-02AA-4E33-8E8C-519630F2CE86}.Release|x64.ActiveCfg = Release|x64
		{2A8684EF-02AA-4E33-8E8C-519630F2CE86}.Release|x64.Build.0 = Release|x64
		{2A8684EF-02AA-4E33-8E8C-519630F2CE86}.Release|x86.ActiveCfg = Release|Win32
		{2A8684EF-02AA-4E33-8E8C-519630F2CE86}.Release|x86.Build.0 = Release|Win32
		{0CC7E128-6030-4FB5-AB7A-71FC5C9421F5}.Debug|x64.ActiveCfg = Debug|x64
		{0CC7E128-6030-4FB5-AB7A-71FC5C9421F5}.Debug|x64.Build.0 = Debug|x64
		{0CC7E128-6030-4FB5-AB7A-71FC5C9421F5}.Debug|x86.ActiveCfg = Debug|Win32
		{0CC7E128-6030-4FB5-AB7A-71FC5C9421F5}.Debug|x86.Build.0 = Debug|Win32
		{0CC7E128-6030-4FB5-AB7A-71FC5C9421F5}.Release|x64.ActiveCfg = Release|x64
		{0CC7E128-6030-4FB5-AB7A-71FC5C9421F5}.Release|x64.Build.0 = Release|x64
		{0CC7E128-6030-4FB5-AB7A-71FC5C9421F5}.Release|x86.ActiveCfg = Release|Win32
		{0CC7E128-6030-4FB5-AB7A-71FC5C9421F5}.Release|x86.Build.0 = Release|Win32
		{A5CEBBF2-9FC0-41EF-9F12-E8D75E8AF92E}.Debug|x64.ActiveCfg = Debug|x64
		{A5CEBBF2-9FC0-41EF-9F12-E8D75E8AF92E}.Debug|x64.Build.0 = Debug|x64
		{A5CEBBF2-9FC0-41EF-9F12-E8D75E8AF92E}.Debug|x86.ActiveCfg = Debug|Win32
		{A5CEBBF2-9FC0-41EF-9F12-E8D75E8AF92E}.Debug|x86.Build.0 = Debug|Win32
		{A5CEBBF2-9FC0-41EF-9F12-E8D75E8AF92E}.Release|x64.ActiveCfg = Release|x64
		{A5CEBBF2-9FC0-41EF-9F12-E8D75E8AF92E}.Release|x64.Build.0 = Release|x64
		{A5CEBBF2-9FC0-41EF-9F12-E8D75E8AF92E}.Release|x86.ActiveCfg = Release|Win32
		{A5CEBBF2-9FC0-41EF-9F12-E8D75E8AF92E}.Release|x86.Build.0 = Release|Win32
		{97417843-11F6-4CA2-8298-22F5CA7539D7}.Debug|x64.ActiveCfg = Debug|x64
		{97417843-11F6-4CA2-8298-22F5CA7539D7}.Debug|x64.Build.0 = Debug|x64
		{97417843-11F6-4CA2-8298-22F5CA7539D7}.Debug|x86.ActiveCfg = Debug|Win32
		{97417843-11F6-4CA2-8298-22F5CA7539D7}.Debug|x86.Build.0 = Debug|Win32
		{97417843-11F6-4CA2-8298-22F5CA7539D7}.Release|x64.ActiveCfg = Release|x64
		{97417843-11F6-4CA2-8298-22F5CA7539D7}.Release|x64.Build.0 = Release|x64
		{97417843-11F6-4CA2-8298-22F5CA7539D7}.Release|x86.ActiveCfg = Release|Win32
		{97417843-11F6-4CA2-8298-22F5CA7539D7}.Release|x86.Build.0 = Release|Win32
		{5F4A4FFC-9F3A-48B6-A514-B65982316ECE}.Debug|x64.ActiveCfg = Debug|x64
		{5F4A4FFC-9F3A-48B6-A514-B65982316ECE}.Debug|x64.Build.0 = Debug|x64
		{5F4A4FFC-9F3A-48B6-A514-B65982316ECE}.Debug|x86.ActiveCfg = Debug|Win32
		{5F4A4FFC-9F3A-48B6-A514-B65982316ECE}.Debug|x86.Build.0 = Debug|Win32
		{5F4A4FFC-9F3A-48B6-A514-B65982316ECE}.Release|x64.ActiveCfg = Release|x64
		{5F4A4FFC-9F3A-48B6-A514-B65982316ECE}.Release|x64.Build.0 = Release|x64
		{5F4A4FFC-9F3A-48B6-A514-B65982316ECE}.Release|x86.ActiveCfg = Release|Win32
		{5F4A4FFC-9F3A-48B6-A514-B65982316ECE}.Release|x86.Build.0 = Release|Win32
		{EC805ECC-B679-46B1-AFA5-9A13EF309AD4}.Debug|x64.ActiveCfg = Debug|x64
		{EC805ECC-B679-46B1-AFA5-9A13EF309AD4}.Debug|x64.Build.0 = Debug|x64
		{EC805ECC-B679-46B1-AFA5-9A13EF309AD4}.Debug|x86.ActiveCfg = Debug|Win32
		{EC805ECC-B679-46B1-AFA5-9A13EF309AD4}.Debug|x86.Build.0 = Debug|Win32
		{EC805ECC-B679-46B1-AFA5-9A13EF309AD4}.Release|x64.ActiveCfg = Release|x64
		{EC805ECC-B679-46B1-AFA5-9A13EF309AD4}.Release|x64.Build.0 = Release|x64
		{EC805ECC-B679-46B1-AFA5-9A13EF309AD4}.Release|x86.ActiveCfg = Release|Win32
		{EC805ECC-B679-46B1-AFA5-9A13EF309AD4}.Release|x86.Build.0 = Release|Win32
		{8F82549B-3C4A-4479-9F0A-2B1C99997CD1}.Debug|x64.ActiveCfg = Debug|x64
		{8F82549B-3C4A-4479-9F0A-2B1C99997CD1}.Debug|x64.Build.0 = Debug|x64
		{8F82549B-3C4A-4479-9F0A-2B1C99997CD1}.Debug|x86.ActiveCfg = Debug|Win32
		{8F82549B-3C4A-4479-9F0A-2B1C99997CD1}.Debug|x86.Build.0 = Debug|Win32
		{8F82549B-3C4A-4479-9F0A-2B1C99997CD1}.Release|x64.ActiveCfg = Release|x64
		{8F82549B-3C4A-4479-9F0A-2B1C99997CD1}.Release|x64.Build.0 = Release|x64
		{8F82549B-3C4A-4479-9F0A-2B1C99997CD1}.Release|x86.ActiveCfg = Release|Win32
		{8F82549B-3C4A-4479-9F0A-2B1C99997CD1}.Release|x86.Build.0 = Release|Win32
		{AF62FEC1-1080-41B9-91A2-01509789C162}.Debug|x64.ActiveCfg = Debug|x64
		{AF62FEC1-1080-41B9-91A2-01509789C162}.Debug|x64.Build.0 = Debug|x64
		{AF62FEC1-1080-41B9-91A2-01509789C162}.Debug|x86.ActiveCfg = Debug|Win32
		{AF62FEC1-1080-41B9-91A2-01509789C162}.Debug|x86.Build.0 = Debug|Win32
		{AF62FEC1-1080-41B9-91A2-01509789C162}.Release|x64.ActiveCfg = Release|x64
		{AF62FEC1-1080-41B9-91A2-01509789C162}.Release|x64.Build.0 = Release|x64
		{AF62FEC1-1080-41B9-91A2-01509789C162}.Release|x86.ActiveCfg = Release|Win32
		{AF62FEC1-1080-41B9-91A2-01509789C162}.Release|x86.Build.0 = Release|Win32
	EndGlobalSection
	GlobalSection(SolutionProperties) = preSolution
		HideSolutionNode = FALSE
	EndGlobalSection
EndGlobal
